
Microsoft Visual Studio Solution File, Format Version 12.00
# Visual Studio Version 17
VisualStudioVersion = 17.0.31903.59
MinimumVisualStudioVersion = 10.0.40219.1
Project("{9A19103F-16F7-4668-BE54-9A1E7A4F7556}") = "Amusoft.PCR.App.UI", "Amusoft.PCR.App.UI\Amusoft.PCR.App.UI.csproj", "{8D96C03C-AAF1-48DB-878C-F916CD8D616D}"
EndProject
Project("{9A19103F-16F7-4668-BE54-9A1E7A4F7556}") = "Amusoft.PCR.Int.IPC", "Amusoft.PCR.Int.IPC\Amusoft.PCR.Int.IPC.csproj", "{F30DB91C-C1E7-4064-99DF-BA52F58689B1}"
EndProject
Project("{9A19103F-16F7-4668-BE54-9A1E7A4F7556}") = "Amusoft.PCR.App.Service", "Amusoft.PCR.App.Service\Amusoft.PCR.App.Service.csproj", "{94814816-003A-40CC-B661-0303A5560CF4}"
EndProject
Project("{B7DD6F7E-DEF8-4E67-B5B7-07EF123DB6F0}") = "Amusoft.PCR.Installer", "..\installer\Amusoft.PCR.Installer\Amusoft.PCR.Installer.wixproj", "{4C58CFFE-5717-4A51-9104-77F8B44EC1B6}"
EndProject
Project("{9A19103F-16F7-4668-BE54-9A1E7A4F7556}") = "Amusoft.PCR.Installer.Custom", "..\installer\Amusoft.PCR.Installer.Custom\Amusoft.PCR.Installer.Custom.csproj", "{4C09553C-4033-47EF-955B-B80DBA431441}"
EndProject
Project("{2150E333-8FDC-42A3-9474-1A3956D46DE8}") = "installer", "installer", "{A87ED1C7-318F-4B78-942C-F2FEDB1ECC24}"
EndProject
Project("{2150E333-8FDC-42A3-9474-1A3956D46DE8}") = "apps", "apps", "{C4AF714E-2B97-4693-89D8-46BCBF3045EA}"
EndProject
Project("{2150E333-8FDC-42A3-9474-1A3956D46DE8}") = "integration", "integration", "{7AC81780-BB98-474E-A191-44DCE606DFE8}"
EndProject
Project("{2150E333-8FDC-42A3-9474-1A3956D46DE8}") = "domain", "domain", "{CBE9A833-9560-4D40-9438-BCD65CA070FE}"
EndProject
Project("{9A19103F-16F7-4668-BE54-9A1E7A4F7556}") = "Amusoft.PCR.Domain", "Amusoft.PCR.Domain\Amusoft.PCR.Domain.csproj", "{F7DBBD88-8F77-45D9-AAEF-6D657EF51883}"
EndProject
Project("{9A19103F-16F7-4668-BE54-9A1E7A4F7556}") = "Amusoft.PCR.Application", "Amusoft.PCR.Application\Amusoft.PCR.Application.csproj", "{FAFB0AA1-43D5-4470-98A4-2D4791B76D67}"
EndProject
Project("{2150E333-8FDC-42A3-9474-1A3956D46DE8}") = "_scripts", "_scripts", "{6E9FFF68-6A49-439B-B2A3-F889B029655C}"
	ProjectSection(SolutionItems) = preProject
		..\deploy\buildAndCopy.ps1 = ..\deploy\buildAndCopy.ps1
		..\deploy\buildDeploymentPackage.ps1 = ..\deploy\buildDeploymentPackage.ps1
		..\deploy\createSelfSignedCertificate.ps1 = ..\deploy\createSelfSignedCertificate.ps1
		..\deploy\functions.psm1 = ..\deploy\functions.psm1
		..\deploy\installCompiledMSI.ps1 = ..\deploy\installCompiledMSI.ps1
		..\deploy\installService.ps1 = ..\deploy\installService.ps1
		..\deploy\publishapk.ps1 = ..\deploy\publishapk.ps1
		..\deploy\refreshService.ps1 = ..\deploy\refreshService.ps1
		..\deploy\refreshServiceAndAPK.ps1 = ..\deploy\refreshServiceAndAPK.ps1
		..\deploy\uninstallService.ps1 = ..\deploy\uninstallService.ps1
	EndProjectSection
EndProject
Project("{2150E333-8FDC-42A3-9474-1A3956D46DE8}") = "shared", "shared", "{B51D6584-FE79-4372-A50D-B90AB85587F8}"
EndProject
Project("{9A19103F-16F7-4668-BE54-9A1E7A4F7556}") = "Amusoft.Toolkit.Networking", "Amusoft.Toolkit.Networking\Amusoft.Toolkit.Networking.csproj", "{0FB90BBE-0D3E-41A9-9FC4-B1FB0E37091A}"
EndProject
Project("{9A19103F-16F7-4668-BE54-9A1E7A4F7556}") = "Amusoft.Toolkit.Impersonation", "Amusoft.Toolkit.Impersonation\Amusoft.Toolkit.Impersonation.csproj", "{0CA39CF9-E2E0-481A-B5CD-3CA79A5C921E}"
EndProject
Project("{2150E333-8FDC-42A3-9474-1A3956D46DE8}") = "tests", "tests", "{B517B907-9417-4926-9F5C-80B7EDCE05B3}"
EndProject
Project("{9A19103F-16F7-4668-BE54-9A1E7A4F7556}") = "Amusoft.PCR.Application.UnitTests", "..\tests\Amusoft.PCR.Application.UnitTests\Amusoft.PCR.Application.UnitTests.csproj", "{86F438BC-0140-45AC-8C73-6D006586C7E5}"
EndProject
Project("{2150E333-8FDC-42A3-9474-1A3956D46DE8}") = "appmodel", "appmodel", "{9952E29C-AA15-4067-B1FE-3EDB5E336F0F}"
EndProject
Project("{FAE04EC0-301F-11D3-BF4B-00C04F79EFBC}") = "Amusoft.PCR.AM.UI", "Amusoft.PCR.AM.UI\Amusoft.PCR.AM.UI.csproj", "{6D62752F-A78A-4859-B2BD-85702BB01F15}"
EndProject
Project("{FAE04EC0-301F-11D3-BF4B-00C04F79EFBC}") = "Amusoft.PCR.AM.Shared", "Amusoft.PCR.AM.Shared\Amusoft.PCR.AM.Shared.csproj", "{FF1B6315-BDD2-4FAE-AA22-8D098D86D640}"
EndProject
Project("{FAE04EC0-301F-11D3-BF4B-00C04F79EFBC}") = "Amusoft.PCR.AM.Service", "Amusoft.PCR.AM.Service\Amusoft.PCR.AM.Service.csproj", "{00D65D7A-FDF5-43C6-B2EB-1DDACBD51A69}"
EndProject
Project("{FAE04EC0-301F-11D3-BF4B-00C04F79EFBC}") = "Amusoft.PCR.AM.WindowsAgent", "Amusoft.PCR.AM.WindowsAgent\Amusoft.PCR.AM.WindowsAgent.csproj", "{9EE79B4D-951C-4BEA-BC77-D2FBBD504618}"
EndProject
Project("{FAE04EC0-301F-11D3-BF4B-00C04F79EFBC}") = "Amusoft.PCR.App.WindowsAgent", "Amusoft.PCR.App.WindowsAgent\Amusoft.PCR.App.WindowsAgent.csproj", "{97BD3755-4E51-445F-9569-DAFCBB7DC3C0}"
EndProject
Global
	GlobalSection(SolutionConfigurationPlatforms) = preSolution
		Debug|Any CPU = Debug|Any CPU
		Debug|ARM64 = Debug|ARM64
		Debug|x64 = Debug|x64
		Debug|x86 = Debug|x86
		Release|Any CPU = Release|Any CPU
		Release|ARM64 = Release|ARM64
		Release|x64 = Release|x64
		Release|x86 = Release|x86
	EndGlobalSection
	GlobalSection(ProjectConfigurationPlatforms) = postSolution
		{8D96C03C-AAF1-48DB-878C-F916CD8D616D}.Debug|Any CPU.ActiveCfg = Debug|Any CPU
		{8D96C03C-AAF1-48DB-878C-F916CD8D616D}.Debug|Any CPU.Build.0 = Debug|Any CPU
		{8D96C03C-AAF1-48DB-878C-F916CD8D616D}.Debug|Any CPU.Deploy.0 = Debug|Any CPU
		{8D96C03C-AAF1-48DB-878C-F916CD8D616D}.Debug|ARM64.ActiveCfg = Debug|Any CPU
		{8D96C03C-AAF1-48DB-878C-F916CD8D616D}.Debug|ARM64.Build.0 = Debug|Any CPU
		{8D96C03C-AAF1-48DB-878C-F916CD8D616D}.Debug|ARM64.Deploy.0 = Debug|Any CPU
		{8D96C03C-AAF1-48DB-878C-F916CD8D616D}.Debug|x64.ActiveCfg = Debug|Any CPU
		{8D96C03C-AAF1-48DB-878C-F916CD8D616D}.Debug|x64.Build.0 = Debug|Any CPU
		{8D96C03C-AAF1-48DB-878C-F916CD8D616D}.Debug|x64.Deploy.0 = Debug|Any CPU
		{8D96C03C-AAF1-48DB-878C-F916CD8D616D}.Debug|x86.ActiveCfg = Debug|Any CPU
		{8D96C03C-AAF1-48DB-878C-F916CD8D616D}.Debug|x86.Build.0 = Debug|Any CPU
		{8D96C03C-AAF1-48DB-878C-F916CD8D616D}.Debug|x86.Deploy.0 = Debug|Any CPU
		{8D96C03C-AAF1-48DB-878C-F916CD8D616D}.Release|Any CPU.ActiveCfg = Release|Any CPU
		{8D96C03C-AAF1-48DB-878C-F916CD8D616D}.Release|Any CPU.Build.0 = Release|Any CPU
		{8D96C03C-AAF1-48DB-878C-F916CD8D616D}.Release|Any CPU.Deploy.0 = Release|Any CPU
		{8D96C03C-AAF1-48DB-878C-F916CD8D616D}.Release|ARM64.ActiveCfg = Release|Any CPU
		{8D96C03C-AAF1-48DB-878C-F916CD8D616D}.Release|ARM64.Build.0 = Release|Any CPU
		{8D96C03C-AAF1-48DB-878C-F916CD8D616D}.Release|ARM64.Deploy.0 = Release|Any CPU
		{8D96C03C-AAF1-48DB-878C-F916CD8D616D}.Release|x64.ActiveCfg = Release|Any CPU
		{8D96C03C-AAF1-48DB-878C-F916CD8D616D}.Release|x64.Build.0 = Release|Any CPU
		{8D96C03C-AAF1-48DB-878C-F916CD8D616D}.Release|x64.Deploy.0 = Release|Any CPU
		{8D96C03C-AAF1-48DB-878C-F916CD8D616D}.Release|x86.ActiveCfg = Release|Any CPU
		{8D96C03C-AAF1-48DB-878C-F916CD8D616D}.Release|x86.Build.0 = Release|Any CPU
		{8D96C03C-AAF1-48DB-878C-F916CD8D616D}.Release|x86.Deploy.0 = Release|Any CPU
		{F30DB91C-C1E7-4064-99DF-BA52F58689B1}.Debug|Any CPU.ActiveCfg = Debug|Any CPU
		{F30DB91C-C1E7-4064-99DF-BA52F58689B1}.Debug|Any CPU.Build.0 = Debug|Any CPU
		{F30DB91C-C1E7-4064-99DF-BA52F58689B1}.Debug|ARM64.ActiveCfg = Debug|Any CPU
		{F30DB91C-C1E7-4064-99DF-BA52F58689B1}.Debug|ARM64.Build.0 = Debug|Any CPU
		{F30DB91C-C1E7-4064-99DF-BA52F58689B1}.Debug|x64.ActiveCfg = Debug|Any CPU
		{F30DB91C-C1E7-4064-99DF-BA52F58689B1}.Debug|x64.Build.0 = Debug|Any CPU
		{F30DB91C-C1E7-4064-99DF-BA52F58689B1}.Debug|x86.ActiveCfg = Debug|Any CPU
		{F30DB91C-C1E7-4064-99DF-BA52F58689B1}.Debug|x86.Build.0 = Debug|Any CPU
		{F30DB91C-C1E7-4064-99DF-BA52F58689B1}.Release|Any CPU.ActiveCfg = Release|Any CPU
		{F30DB91C-C1E7-4064-99DF-BA52F58689B1}.Release|Any CPU.Build.0 = Release|Any CPU
		{F30DB91C-C1E7-4064-99DF-BA52F58689B1}.Release|ARM64.ActiveCfg = Release|Any CPU
		{F30DB91C-C1E7-4064-99DF-BA52F58689B1}.Release|ARM64.Build.0 = Release|Any CPU
		{F30DB91C-C1E7-4064-99DF-BA52F58689B1}.Release|x64.ActiveCfg = Release|Any CPU
		{F30DB91C-C1E7-4064-99DF-BA52F58689B1}.Release|x64.Build.0 = Release|Any CPU
		{F30DB91C-C1E7-4064-99DF-BA52F58689B1}.Release|x86.ActiveCfg = Release|Any CPU
		{F30DB91C-C1E7-4064-99DF-BA52F58689B1}.Release|x86.Build.0 = Release|Any CPU
		{94814816-003A-40CC-B661-0303A5560CF4}.Debug|Any CPU.ActiveCfg = Debug|Any CPU
		{94814816-003A-40CC-B661-0303A5560CF4}.Debug|Any CPU.Build.0 = Debug|Any CPU
		{94814816-003A-40CC-B661-0303A5560CF4}.Debug|ARM64.ActiveCfg = Debug|Any CPU
		{94814816-003A-40CC-B661-0303A5560CF4}.Debug|ARM64.Build.0 = Debug|Any CPU
		{94814816-003A-40CC-B661-0303A5560CF4}.Debug|x64.ActiveCfg = Debug|Any CPU
		{94814816-003A-40CC-B661-0303A5560CF4}.Debug|x64.Build.0 = Debug|Any CPU
		{94814816-003A-40CC-B661-0303A5560CF4}.Debug|x86.ActiveCfg = Debug|Any CPU
		{94814816-003A-40CC-B661-0303A5560CF4}.Debug|x86.Build.0 = Debug|Any CPU
		{94814816-003A-40CC-B661-0303A5560CF4}.Release|Any CPU.ActiveCfg = Release|Any CPU
		{94814816-003A-40CC-B661-0303A5560CF4}.Release|Any CPU.Build.0 = Release|Any CPU
		{94814816-003A-40CC-B661-0303A5560CF4}.Release|ARM64.ActiveCfg = Release|Any CPU
		{94814816-003A-40CC-B661-0303A5560CF4}.Release|ARM64.Build.0 = Release|Any CPU
		{94814816-003A-40CC-B661-0303A5560CF4}.Release|x64.ActiveCfg = Release|Any CPU
		{94814816-003A-40CC-B661-0303A5560CF4}.Release|x64.Build.0 = Release|Any CPU
		{94814816-003A-40CC-B661-0303A5560CF4}.Release|x86.ActiveCfg = Release|Any CPU
		{94814816-003A-40CC-B661-0303A5560CF4}.Release|x86.Build.0 = Release|Any CPU
		{4C58CFFE-5717-4A51-9104-77F8B44EC1B6}.Debug|Any CPU.ActiveCfg = Debug|x64
		{4C58CFFE-5717-4A51-9104-77F8B44EC1B6}.Debug|Any CPU.Build.0 = Debug|x64
		{4C58CFFE-5717-4A51-9104-77F8B44EC1B6}.Debug|ARM64.ActiveCfg = Debug|ARM64
		{4C58CFFE-5717-4A51-9104-77F8B44EC1B6}.Debug|ARM64.Build.0 = Debug|ARM64
		{4C58CFFE-5717-4A51-9104-77F8B44EC1B6}.Debug|x64.ActiveCfg = Debug|x64
		{4C58CFFE-5717-4A51-9104-77F8B44EC1B6}.Debug|x64.Build.0 = Debug|x64
		{4C58CFFE-5717-4A51-9104-77F8B44EC1B6}.Debug|x86.ActiveCfg = Debug|x86
		{4C58CFFE-5717-4A51-9104-77F8B44EC1B6}.Debug|x86.Build.0 = Debug|x86
		{4C58CFFE-5717-4A51-9104-77F8B44EC1B6}.Release|Any CPU.ActiveCfg = Release|x64
		{4C58CFFE-5717-4A51-9104-77F8B44EC1B6}.Release|Any CPU.Build.0 = Release|x64
		{4C58CFFE-5717-4A51-9104-77F8B44EC1B6}.Release|ARM64.ActiveCfg = Release|ARM64
		{4C58CFFE-5717-4A51-9104-77F8B44EC1B6}.Release|ARM64.Build.0 = Release|ARM64
		{4C58CFFE-5717-4A51-9104-77F8B44EC1B6}.Release|x64.ActiveCfg = Release|x64
		{4C58CFFE-5717-4A51-9104-77F8B44EC1B6}.Release|x64.Build.0 = Release|x64
		{4C58CFFE-5717-4A51-9104-77F8B44EC1B6}.Release|x86.ActiveCfg = Release|x86
		{4C58CFFE-5717-4A51-9104-77F8B44EC1B6}.Release|x86.Build.0 = Release|x86
		{4C09553C-4033-47EF-955B-B80DBA431441}.Debug|Any CPU.ActiveCfg = Debug|Any CPU
		{4C09553C-4033-47EF-955B-B80DBA431441}.Debug|Any CPU.Build.0 = Debug|Any CPU
		{4C09553C-4033-47EF-955B-B80DBA431441}.Debug|ARM64.ActiveCfg = Debug|Any CPU
		{4C09553C-4033-47EF-955B-B80DBA431441}.Debug|ARM64.Build.0 = Debug|Any CPU
		{4C09553C-4033-47EF-955B-B80DBA431441}.Debug|x64.ActiveCfg = Debug|Any CPU
		{4C09553C-4033-47EF-955B-B80DBA431441}.Debug|x64.Build.0 = Debug|Any CPU
		{4C09553C-4033-47EF-955B-B80DBA431441}.Debug|x86.ActiveCfg = Debug|Any CPU
		{4C09553C-4033-47EF-955B-B80DBA431441}.Debug|x86.Build.0 = Debug|Any CPU
		{4C09553C-4033-47EF-955B-B80DBA431441}.Release|Any CPU.ActiveCfg = Release|Any CPU
		{4C09553C-4033-47EF-955B-B80DBA431441}.Release|Any CPU.Build.0 = Release|Any CPU
		{4C09553C-4033-47EF-955B-B80DBA431441}.Release|ARM64.ActiveCfg = Release|Any CPU
		{4C09553C-4033-47EF-955B-B80DBA431441}.Release|ARM64.Build.0 = Release|Any CPU
		{4C09553C-4033-47EF-955B-B80DBA431441}.Release|x64.ActiveCfg = Release|Any CPU
		{4C09553C-4033-47EF-955B-B80DBA431441}.Release|x64.Build.0 = Release|Any CPU
		{4C09553C-4033-47EF-955B-B80DBA431441}.Release|x86.ActiveCfg = Release|Any CPU
		{4C09553C-4033-47EF-955B-B80DBA431441}.Release|x86.Build.0 = Release|Any CPU
		{F7DBBD88-8F77-45D9-AAEF-6D657EF51883}.Debug|Any CPU.ActiveCfg = Debug|Any CPU
		{F7DBBD88-8F77-45D9-AAEF-6D657EF51883}.Debug|Any CPU.Build.0 = Debug|Any CPU
		{F7DBBD88-8F77-45D9-AAEF-6D657EF51883}.Debug|ARM64.ActiveCfg = Debug|Any CPU
		{F7DBBD88-8F77-45D9-AAEF-6D657EF51883}.Debug|ARM64.Build.0 = Debug|Any CPU
		{F7DBBD88-8F77-45D9-AAEF-6D657EF51883}.Debug|x64.ActiveCfg = Debug|Any CPU
		{F7DBBD88-8F77-45D9-AAEF-6D657EF51883}.Debug|x64.Build.0 = Debug|Any CPU
		{F7DBBD88-8F77-45D9-AAEF-6D657EF51883}.Debug|x86.ActiveCfg = Debug|Any CPU
		{F7DBBD88-8F77-45D9-AAEF-6D657EF51883}.Debug|x86.Build.0 = Debug|Any CPU
		{F7DBBD88-8F77-45D9-AAEF-6D657EF51883}.Release|Any CPU.ActiveCfg = Release|Any CPU
		{F7DBBD88-8F77-45D9-AAEF-6D657EF51883}.Release|Any CPU.Build.0 = Release|Any CPU
		{F7DBBD88-8F77-45D9-AAEF-6D657EF51883}.Release|ARM64.ActiveCfg = Release|Any CPU
		{F7DBBD88-8F77-45D9-AAEF-6D657EF51883}.Release|ARM64.Build.0 = Release|Any CPU
		{F7DBBD88-8F77-45D9-AAEF-6D657EF51883}.Release|x64.ActiveCfg = Release|Any CPU
		{F7DBBD88-8F77-45D9-AAEF-6D657EF51883}.Release|x64.Build.0 = Release|Any CPU
		{F7DBBD88-8F77-45D9-AAEF-6D657EF51883}.Release|x86.ActiveCfg = Release|Any CPU
		{F7DBBD88-8F77-45D9-AAEF-6D657EF51883}.Release|x86.Build.0 = Release|Any CPU
		{FAFB0AA1-43D5-4470-98A4-2D4791B76D67}.Debug|Any CPU.ActiveCfg = Debug|Any CPU
		{FAFB0AA1-43D5-4470-98A4-2D4791B76D67}.Debug|Any CPU.Build.0 = Debug|Any CPU
		{FAFB0AA1-43D5-4470-98A4-2D4791B76D67}.Debug|ARM64.ActiveCfg = Debug|Any CPU
		{FAFB0AA1-43D5-4470-98A4-2D4791B76D67}.Debug|ARM64.Build.0 = Debug|Any CPU
		{FAFB0AA1-43D5-4470-98A4-2D4791B76D67}.Debug|x64.ActiveCfg = Debug|Any CPU
		{FAFB0AA1-43D5-4470-98A4-2D4791B76D67}.Debug|x64.Build.0 = Debug|Any CPU
		{FAFB0AA1-43D5-4470-98A4-2D4791B76D67}.Debug|x86.ActiveCfg = Debug|Any CPU
		{FAFB0AA1-43D5-4470-98A4-2D4791B76D67}.Debug|x86.Build.0 = Debug|Any CPU
		{FAFB0AA1-43D5-4470-98A4-2D4791B76D67}.Release|Any CPU.ActiveCfg = Release|Any CPU
		{FAFB0AA1-43D5-4470-98A4-2D4791B76D67}.Release|Any CPU.Build.0 = Release|Any CPU
		{FAFB0AA1-43D5-4470-98A4-2D4791B76D67}.Release|ARM64.ActiveCfg = Release|Any CPU
		{FAFB0AA1-43D5-4470-98A4-2D4791B76D67}.Release|ARM64.Build.0 = Release|Any CPU
		{FAFB0AA1-43D5-4470-98A4-2D4791B76D67}.Release|x64.ActiveCfg = Release|Any CPU
		{FAFB0AA1-43D5-4470-98A4-2D4791B76D67}.Release|x64.Build.0 = Release|Any CPU
		{FAFB0AA1-43D5-4470-98A4-2D4791B76D67}.Release|x86.ActiveCfg = Release|Any CPU
		{FAFB0AA1-43D5-4470-98A4-2D4791B76D67}.Release|x86.Build.0 = Release|Any CPU
		{0FB90BBE-0D3E-41A9-9FC4-B1FB0E37091A}.Debug|Any CPU.ActiveCfg = Debug|Any CPU
		{0FB90BBE-0D3E-41A9-9FC4-B1FB0E37091A}.Debug|Any CPU.Build.0 = Debug|Any CPU
		{0FB90BBE-0D3E-41A9-9FC4-B1FB0E37091A}.Debug|ARM64.ActiveCfg = Debug|Any CPU
		{0FB90BBE-0D3E-41A9-9FC4-B1FB0E37091A}.Debug|ARM64.Build.0 = Debug|Any CPU
		{0FB90BBE-0D3E-41A9-9FC4-B1FB0E37091A}.Debug|x64.ActiveCfg = Debug|Any CPU
		{0FB90BBE-0D3E-41A9-9FC4-B1FB0E37091A}.Debug|x64.Build.0 = Debug|Any CPU
		{0FB90BBE-0D3E-41A9-9FC4-B1FB0E37091A}.Debug|x86.ActiveCfg = Debug|Any CPU
		{0FB90BBE-0D3E-41A9-9FC4-B1FB0E37091A}.Debug|x86.Build.0 = Debug|Any CPU
		{0FB90BBE-0D3E-41A9-9FC4-B1FB0E37091A}.Release|Any CPU.ActiveCfg = Release|Any CPU
		{0FB90BBE-0D3E-41A9-9FC4-B1FB0E37091A}.Release|Any CPU.Build.0 = Release|Any CPU
		{0FB90BBE-0D3E-41A9-9FC4-B1FB0E37091A}.Release|ARM64.ActiveCfg = Release|Any CPU
		{0FB90BBE-0D3E-41A9-9FC4-B1FB0E37091A}.Release|ARM64.Build.0 = Release|Any CPU
		{0FB90BBE-0D3E-41A9-9FC4-B1FB0E37091A}.Release|x64.ActiveCfg = Release|Any CPU
		{0FB90BBE-0D3E-41A9-9FC4-B1FB0E37091A}.Release|x64.Build.0 = Release|Any CPU
		{0FB90BBE-0D3E-41A9-9FC4-B1FB0E37091A}.Release|x86.ActiveCfg = Release|Any CPU
		{0FB90BBE-0D3E-41A9-9FC4-B1FB0E37091A}.Release|x86.Build.0 = Release|Any CPU
		{0CA39CF9-E2E0-481A-B5CD-3CA79A5C921E}.Debug|Any CPU.ActiveCfg = Debug|Any CPU
		{0CA39CF9-E2E0-481A-B5CD-3CA79A5C921E}.Debug|Any CPU.Build.0 = Debug|Any CPU
		{0CA39CF9-E2E0-481A-B5CD-3CA79A5C921E}.Debug|ARM64.ActiveCfg = Debug|Any CPU
		{0CA39CF9-E2E0-481A-B5CD-3CA79A5C921E}.Debug|ARM64.Build.0 = Debug|Any CPU
		{0CA39CF9-E2E0-481A-B5CD-3CA79A5C921E}.Debug|x64.ActiveCfg = Debug|Any CPU
		{0CA39CF9-E2E0-481A-B5CD-3CA79A5C921E}.Debug|x64.Build.0 = Debug|Any CPU
		{0CA39CF9-E2E0-481A-B5CD-3CA79A5C921E}.Debug|x86.ActiveCfg = Debug|Any CPU
		{0CA39CF9-E2E0-481A-B5CD-3CA79A5C921E}.Debug|x86.Build.0 = Debug|Any CPU
		{0CA39CF9-E2E0-481A-B5CD-3CA79A5C921E}.Release|Any CPU.ActiveCfg = Release|Any CPU
		{0CA39CF9-E2E0-481A-B5CD-3CA79A5C921E}.Release|Any CPU.Build.0 = Release|Any CPU
		{0CA39CF9-E2E0-481A-B5CD-3CA79A5C921E}.Release|ARM64.ActiveCfg = Release|Any CPU
		{0CA39CF9-E2E0-481A-B5CD-3CA79A5C921E}.Release|ARM64.Build.0 = Release|Any CPU
		{0CA39CF9-E2E0-481A-B5CD-3CA79A5C921E}.Release|x64.ActiveCfg = Release|Any CPU
		{0CA39CF9-E2E0-481A-B5CD-3CA79A5C921E}.Release|x64.Build.0 = Release|Any CPU
		{0CA39CF9-E2E0-481A-B5CD-3CA79A5C921E}.Release|x86.ActiveCfg = Release|Any CPU
		{0CA39CF9-E2E0-481A-B5CD-3CA79A5C921E}.Release|x86.Build.0 = Release|Any CPU
		{86F438BC-0140-45AC-8C73-6D006586C7E5}.Debug|Any CPU.ActiveCfg = Debug|Any CPU
		{86F438BC-0140-45AC-8C73-6D006586C7E5}.Debug|Any CPU.Build.0 = Debug|Any CPU
		{86F438BC-0140-45AC-8C73-6D006586C7E5}.Debug|ARM64.ActiveCfg = Debug|Any CPU
		{86F438BC-0140-45AC-8C73-6D006586C7E5}.Debug|ARM64.Build.0 = Debug|Any CPU
		{86F438BC-0140-45AC-8C73-6D006586C7E5}.Debug|x64.ActiveCfg = Debug|Any CPU
		{86F438BC-0140-45AC-8C73-6D006586C7E5}.Debug|x64.Build.0 = Debug|Any CPU
		{86F438BC-0140-45AC-8C73-6D006586C7E5}.Debug|x86.ActiveCfg = Debug|Any CPU
		{86F438BC-0140-45AC-8C73-6D006586C7E5}.Debug|x86.Build.0 = Debug|Any CPU
		{86F438BC-0140-45AC-8C73-6D006586C7E5}.Release|Any CPU.ActiveCfg = Release|Any CPU
		{86F438BC-0140-45AC-8C73-6D006586C7E5}.Release|Any CPU.Build.0 = Release|Any CPU
		{86F438BC-0140-45AC-8C73-6D006586C7E5}.Release|ARM64.ActiveCfg = Release|Any CPU
		{86F438BC-0140-45AC-8C73-6D006586C7E5}.Release|ARM64.Build.0 = Release|Any CPU
		{86F438BC-0140-45AC-8C73-6D006586C7E5}.Release|x64.ActiveCfg = Release|Any CPU
		{86F438BC-0140-45AC-8C73-6D006586C7E5}.Release|x64.Build.0 = Release|Any CPU
		{86F438BC-0140-45AC-8C73-6D006586C7E5}.Release|x86.ActiveCfg = Release|Any CPU
		{86F438BC-0140-45AC-8C73-6D006586C7E5}.Release|x86.Build.0 = Release|Any CPU
		{6D62752F-A78A-4859-B2BD-85702BB01F15}.Debug|Any CPU.ActiveCfg = Debug|Any CPU
		{6D62752F-A78A-4859-B2BD-85702BB01F15}.Debug|Any CPU.Build.0 = Debug|Any CPU
		{6D62752F-A78A-4859-B2BD-85702BB01F15}.Debug|ARM64.ActiveCfg = Debug|Any CPU
		{6D62752F-A78A-4859-B2BD-85702BB01F15}.Debug|ARM64.Build.0 = Debug|Any CPU
		{6D62752F-A78A-4859-B2BD-85702BB01F15}.Debug|x64.ActiveCfg = Debug|Any CPU
		{6D62752F-A78A-4859-B2BD-85702BB01F15}.Debug|x64.Build.0 = Debug|Any CPU
		{6D62752F-A78A-4859-B2BD-85702BB01F15}.Debug|x86.ActiveCfg = Debug|Any CPU
		{6D62752F-A78A-4859-B2BD-85702BB01F15}.Debug|x86.Build.0 = Debug|Any CPU
		{6D62752F-A78A-4859-B2BD-85702BB01F15}.Release|Any CPU.ActiveCfg = Release|Any CPU
		{6D62752F-A78A-4859-B2BD-85702BB01F15}.Release|Any CPU.Build.0 = Release|Any CPU
		{6D62752F-A78A-4859-B2BD-85702BB01F15}.Release|ARM64.ActiveCfg = Release|Any CPU
		{6D62752F-A78A-4859-B2BD-85702BB01F15}.Release|ARM64.Build.0 = Release|Any CPU
		{6D62752F-A78A-4859-B2BD-85702BB01F15}.Release|x64.ActiveCfg = Release|Any CPU
		{6D62752F-A78A-4859-B2BD-85702BB01F15}.Release|x64.Build.0 = Release|Any CPU
		{6D62752F-A78A-4859-B2BD-85702BB01F15}.Release|x86.ActiveCfg = Release|Any CPU
		{6D62752F-A78A-4859-B2BD-85702BB01F15}.Release|x86.Build.0 = Release|Any CPU
		{FF1B6315-BDD2-4FAE-AA22-8D098D86D640}.Debug|Any CPU.ActiveCfg = Debug|Any CPU
		{FF1B6315-BDD2-4FAE-AA22-8D098D86D640}.Debug|Any CPU.Build.0 = Debug|Any CPU
		{FF1B6315-BDD2-4FAE-AA22-8D098D86D640}.Debug|ARM64.ActiveCfg = Debug|Any CPU
		{FF1B6315-BDD2-4FAE-AA22-8D098D86D640}.Debug|ARM64.Build.0 = Debug|Any CPU
		{FF1B6315-BDD2-4FAE-AA22-8D098D86D640}.Debug|x64.ActiveCfg = Debug|Any CPU
		{FF1B6315-BDD2-4FAE-AA22-8D098D86D640}.Debug|x64.Build.0 = Debug|Any CPU
		{FF1B6315-BDD2-4FAE-AA22-8D098D86D640}.Debug|x86.ActiveCfg = Debug|Any CPU
		{FF1B6315-BDD2-4FAE-AA22-8D098D86D640}.Debug|x86.Build.0 = Debug|Any CPU
		{FF1B6315-BDD2-4FAE-AA22-8D098D86D640}.Release|Any CPU.ActiveCfg = Release|Any CPU
		{FF1B6315-BDD2-4FAE-AA22-8D098D86D640}.Release|Any CPU.Build.0 = Release|Any CPU
		{FF1B6315-BDD2-4FAE-AA22-8D098D86D640}.Release|ARM64.ActiveCfg = Release|Any CPU
		{FF1B6315-BDD2-4FAE-AA22-8D098D86D640}.Release|ARM64.Build.0 = Release|Any CPU
		{FF1B6315-BDD2-4FAE-AA22-8D098D86D640}.Release|x64.ActiveCfg = Release|Any CPU
		{FF1B6315-BDD2-4FAE-AA22-8D098D86D640}.Release|x64.Build.0 = Release|Any CPU
		{FF1B6315-BDD2-4FAE-AA22-8D098D86D640}.Release|x86.ActiveCfg = Release|Any CPU
		{FF1B6315-BDD2-4FAE-AA22-8D098D86D640}.Release|x86.Build.0 = Release|Any CPU
		{00D65D7A-FDF5-43C6-B2EB-1DDACBD51A69}.Debug|Any CPU.ActiveCfg = Debug|Any CPU
		{00D65D7A-FDF5-43C6-B2EB-1DDACBD51A69}.Debug|Any CPU.Build.0 = Debug|Any CPU
		{00D65D7A-FDF5-43C6-B2EB-1DDACBD51A69}.Debug|ARM64.ActiveCfg = Debug|Any CPU
		{00D65D7A-FDF5-43C6-B2EB-1DDACBD51A69}.Debug|ARM64.Build.0 = Debug|Any CPU
		{00D65D7A-FDF5-43C6-B2EB-1DDACBD51A69}.Debug|x64.ActiveCfg = Debug|Any CPU
		{00D65D7A-FDF5-43C6-B2EB-1DDACBD51A69}.Debug|x64.Build.0 = Debug|Any CPU
		{00D65D7A-FDF5-43C6-B2EB-1DDACBD51A69}.Debug|x86.ActiveCfg = Debug|Any CPU
		{00D65D7A-FDF5-43C6-B2EB-1DDACBD51A69}.Debug|x86.Build.0 = Debug|Any CPU
		{00D65D7A-FDF5-43C6-B2EB-1DDACBD51A69}.Release|Any CPU.ActiveCfg = Release|Any CPU
		{00D65D7A-FDF5-43C6-B2EB-1DDACBD51A69}.Release|Any CPU.Build.0 = Release|Any CPU
		{00D65D7A-FDF5-43C6-B2EB-1DDACBD51A69}.Release|ARM64.ActiveCfg = Release|Any CPU
		{00D65D7A-FDF5-43C6-B2EB-1DDACBD51A69}.Release|ARM64.Build.0 = Release|Any CPU
		{00D65D7A-FDF5-43C6-B2EB-1DDACBD51A69}.Release|x64.ActiveCfg = Release|Any CPU
		{00D65D7A-FDF5-43C6-B2EB-1DDACBD51A69}.Release|x64.Build.0 = Release|Any CPU
		{00D65D7A-FDF5-43C6-B2EB-1DDACBD51A69}.Release|x86.ActiveCfg = Release|Any CPU
		{00D65D7A-FDF5-43C6-B2EB-1DDACBD51A69}.Release|x86.Build.0 = Release|Any CPU
		{9EE79B4D-951C-4BEA-BC77-D2FBBD504618}.Debug|Any CPU.ActiveCfg = Debug|Any CPU
		{9EE79B4D-951C-4BEA-BC77-D2FBBD504618}.Debug|Any CPU.Build.0 = Debug|Any CPU
		{9EE79B4D-951C-4BEA-BC77-D2FBBD504618}.Debug|ARM64.ActiveCfg = Debug|Any CPU
		{9EE79B4D-951C-4BEA-BC77-D2FBBD504618}.Debug|ARM64.Build.0 = Debug|Any CPU
		{9EE79B4D-951C-4BEA-BC77-D2FBBD504618}.Debug|x64.ActiveCfg = Debug|Any CPU
		{9EE79B4D-951C-4BEA-BC77-D2FBBD504618}.Debug|x64.Build.0 = Debug|Any CPU
		{9EE79B4D-951C-4BEA-BC77-D2FBBD504618}.Debug|x86.ActiveCfg = Debug|Any CPU
		{9EE79B4D-951C-4BEA-BC77-D2FBBD504618}.Debug|x86.Build.0 = Debug|Any CPU
		{9EE79B4D-951C-4BEA-BC77-D2FBBD504618}.Release|Any CPU.ActiveCfg = Release|Any CPU
		{9EE79B4D-951C-4BEA-BC77-D2FBBD504618}.Release|Any CPU.Build.0 = Release|Any CPU
		{9EE79B4D-951C-4BEA-BC77-D2FBBD504618}.Release|ARM64.ActiveCfg = Release|Any CPU
		{9EE79B4D-951C-4BEA-BC77-D2FBBD504618}.Release|ARM64.Build.0 = Release|Any CPU
		{9EE79B4D-951C-4BEA-BC77-D2FBBD504618}.Release|x64.ActiveCfg = Release|Any CPU
		{9EE79B4D-951C-4BEA-BC77-D2FBBD504618}.Release|x64.Build.0 = Release|Any CPU
		{9EE79B4D-951C-4BEA-BC77-D2FBBD504618}.Release|x86.ActiveCfg = Release|Any CPU
		{9EE79B4D-951C-4BEA-BC77-D2FBBD504618}.Release|x86.Build.0 = Release|Any CPU
		{97BD3755-4E51-445F-9569-DAFCBB7DC3C0}.Debug|Any CPU.ActiveCfg = Debug|Any CPU
		{97BD3755-4E51-445F-9569-DAFCBB7DC3C0}.Debug|Any CPU.Build.0 = Debug|Any CPU
		{97BD3755-4E51-445F-9569-DAFCBB7DC3C0}.Debug|ARM64.ActiveCfg = Debug|Any CPU
		{97BD3755-4E51-445F-9569-DAFCBB7DC3C0}.Debug|ARM64.Build.0 = Debug|Any CPU
		{97BD3755-4E51-445F-9569-DAFCBB7DC3C0}.Debug|x64.ActiveCfg = Debug|Any CPU
		{97BD3755-4E51-445F-9569-DAFCBB7DC3C0}.Debug|x64.Build.0 = Debug|Any CPU
		{97BD3755-4E51-445F-9569-DAFCBB7DC3C0}.Debug|x86.ActiveCfg = Debug|Any CPU
		{97BD3755-4E51-445F-9569-DAFCBB7DC3C0}.Debug|x86.Build.0 = Debug|Any CPU
		{97BD3755-4E51-445F-9569-DAFCBB7DC3C0}.Release|Any CPU.ActiveCfg = Release|Any CPU
		{97BD3755-4E51-445F-9569-DAFCBB7DC3C0}.Release|Any CPU.Build.0 = Release|Any CPU
		{97BD3755-4E51-445F-9569-DAFCBB7DC3C0}.Release|ARM64.ActiveCfg = Release|Any CPU
		{97BD3755-4E51-445F-9569-DAFCBB7DC3C0}.Release|ARM64.Build.0 = Release|Any CPU
		{97BD3755-4E51-445F-9569-DAFCBB7DC3C0}.Release|x64.ActiveCfg = Release|Any CPU
		{97BD3755-4E51-445F-9569-DAFCBB7DC3C0}.Release|x64.Build.0 = Release|Any CPU
		{97BD3755-4E51-445F-9569-DAFCBB7DC3C0}.Release|x86.ActiveCfg = Release|Any CPU
		{97BD3755-4E51-445F-9569-DAFCBB7DC3C0}.Release|x86.Build.0 = Release|Any CPU
	EndGlobalSection
	GlobalSection(SolutionProperties) = preSolution
		HideSolutionNode = FALSE
	EndGlobalSection
	GlobalSection(NestedProjects) = preSolution
		{8D96C03C-AAF1-48DB-878C-F916CD8D616D} = {C4AF714E-2B97-4693-89D8-46BCBF3045EA}
		{F30DB91C-C1E7-4064-99DF-BA52F58689B1} = {7AC81780-BB98-474E-A191-44DCE606DFE8}
		{94814816-003A-40CC-B661-0303A5560CF4} = {C4AF714E-2B97-4693-89D8-46BCBF3045EA}
		{4C58CFFE-5717-4A51-9104-77F8B44EC1B6} = {A87ED1C7-318F-4B78-942C-F2FEDB1ECC24}
		{4C09553C-4033-47EF-955B-B80DBA431441} = {A87ED1C7-318F-4B78-942C-F2FEDB1ECC24}
		{F7DBBD88-8F77-45D9-AAEF-6D657EF51883} = {CBE9A833-9560-4D40-9438-BCD65CA070FE}
		{FAFB0AA1-43D5-4470-98A4-2D4791B76D67} = {CBE9A833-9560-4D40-9438-BCD65CA070FE}
		{0FB90BBE-0D3E-41A9-9FC4-B1FB0E37091A} = {B51D6584-FE79-4372-A50D-B90AB85587F8}
		{0CA39CF9-E2E0-481A-B5CD-3CA79A5C921E} = {B51D6584-FE79-4372-A50D-B90AB85587F8}
		{86F438BC-0140-45AC-8C73-6D006586C7E5} = {B517B907-9417-4926-9F5C-80B7EDCE05B3}
		{6D62752F-A78A-4859-B2BD-85702BB01F15} = {9952E29C-AA15-4067-B1FE-3EDB5E336F0F}
		{FF1B6315-BDD2-4FAE-AA22-8D098D86D640} = {9952E29C-AA15-4067-B1FE-3EDB5E336F0F}
		{00D65D7A-FDF5-43C6-B2EB-1DDACBD51A69} = {9952E29C-AA15-4067-B1FE-3EDB5E336F0F}
		{9EE79B4D-951C-4BEA-BC77-D2FBBD504618} = {9952E29C-AA15-4067-B1FE-3EDB5E336F0F}
		{97BD3755-4E51-445F-9569-DAFCBB7DC3C0} = {C4AF714E-2B97-4693-89D8-46BCBF3045EA}
	EndGlobalSection
	GlobalSection(ExtensibilityGlobals) = postSolution
		SolutionGuid = {88301734-C574-410B-9ED2-10A3EFB9998B}
	EndGlobalSection
EndGlobal
